
Microsoft Visual Studio Solution File, Format Version 12.00
# Visual Studio 15
VisualStudioVersion = 15.0.28010.2050
MinimumVisualStudioVersion = 10.0.40219.1
Project("{FAE04EC0-301F-11D3-BF4B-00C04F79EFBC}") = "Notebook", "Notebook\Notebook.csproj", "{0E729DC5-CE39-41D5-BAEC-8FB3327FB25D}"
EndProject
Global
	GlobalSection(SolutionConfigurationPlatforms) = preSolution
		Debug|Any CPU = Debug|Any CPU
		Release|Any CPU = Release|Any CPU
	EndGlobalSection
	GlobalSection(ProjectConfigurationPlatforms) = postSolution
		{0E729DC5-CE39-41D5-BAEC-8FB3327FB25D}.Debug|Any CPU.ActiveCfg = Debug|Any CPU
		{0E729DC5-CE39-41D5-BAEC-8FB3327FB25D}.Debug|Any CPU.Build.0 = Debug|Any CPU
		{0E729DC5-CE39-41D5-BAEC-8FB3327FB25D}.Debug|Any CPU.Deploy.0 = Debug|Any CPU
		{0E729DC5-CE39-41D5-BAEC-8FB3327FB25D}.Release|Any CPU.ActiveCfg = Release|Any CPU
		{0E729DC5-CE39-41D5-BAEC-8FB3327FB25D}.Release|Any CPU.Build.0 = Release|Any CPU
		{0E729DC5-CE39-41D5-BAEC-8FB3327FB25D}.Release|Any CPU.Deploy.0 = Release|Any CPU
	EndGlobalSection
	GlobalSection(SolutionProperties) = preSolution
		HideSolutionNode = FALSE
	EndGlobalSection
	GlobalSection(ExtensibilityGlobals) = postSolution
		SolutionGuid = {7D43E794-5D7B-4149-9D36-A3DB184C7205}
	EndGlobalSection
EndGlobal
